{
  "name": "leetcode",
  "version": "1.0.0",
  "lockfileVersion": 1,
  "requires": true,
  "dependencies": {
    "acorn": {
      "version": "6.4.0",
      "resolved": "https://registry.npm.taobao.org/acorn/download/acorn-6.4.0.tgz?cache=0&other_urls=https%3A%2F%2Fregistry.npm.taobao.org%2Facorn%2Fdownload%2Facorn-6.4.0.tgz",
      "integrity": "sha1-tlnS/7r6JLr12xzbsslKmD7NJ4Q="
    },
    "acorn-jsx": {
      "version": "5.1.0",
      "resolved": "https://registry.npm.taobao.org/acorn-jsx/download/acorn-jsx-5.1.0.tgz?cache=0&sync_timestamp=1570991424796&other_urls=https%3A%2F%2Fregistry.npm.taobao.org%2Facorn-jsx%2Fdownload%2Facorn-jsx-5.1.0.tgz",
      "integrity": "sha1-KUrbcbVzmLBoABXwo4xWPuHbU4Q="
    },
    "debug": {
      "version": "4.1.1",
      "resolved": "http://registry.npm.taobao.org/debug/download/debug-4.1.1.tgz",
      "integrity": "sha1-O3ImAlUQnGtYnO4FDx1RYTlmR5E=",
      "requires": {
        "ms": "^2.1.1"
      }
    },
    "eslint-plugin-vue": {
      "version": "6.0.1",
      "resolved": "https://registry.npm.taobao.org/eslint-plugin-vue/download/eslint-plugin-vue-6.0.1.tgz?cache=0&sync_timestamp=1573637124762&other_urls=https%3A%2F%2Fregistry.npm.taobao.org%2Feslint-plugin-vue%2Fdownload%2Feslint-plugin-vue-6.0.1.tgz",
      "integrity": "sha1-Fm0+skzykPP/JNRP6fyklvOST8I=",
      "requires": {
        "vue-eslint-parser": "^6.0.5"
      }
    },
    "eslint-scope": {
      "version": "4.0.3",
      "resolved": "https://registry.npm.taobao.org/eslint-scope/download/eslint-scope-4.0.3.tgz",
      "integrity": "sha1-ygODMxD2iJoyZHgaqC5j65z+eEg=",
      "requires": {
        "esrecurse": "^4.1.0",
        "estraverse": "^4.1.1"
      }
    },
    "eslint-visitor-keys": {
      "version": "1.1.0",
      "resolved": "https://registry.npm.taobao.org/eslint-visitor-keys/download/eslint-visitor-keys-1.1.0.tgz?cache=0&sync_timestamp=1565705523991&other_urls=https%3A%2F%2Fregistry.npm.taobao.org%2Feslint-visitor-keys%2Fdownload%2Feslint-visitor-keys-1.1.0.tgz",
      "integrity": "sha1-4qgs6oT/JGrW+1f5veW0ZiFFnsI="
    },
    "espree": {
      "version": "5.0.1",
      "resolved": "https://registry.npm.taobao.org/espree/download/espree-5.0.1.tgz?cache=0&sync_timestamp=1571624368510&other_urls=https%3A%2F%2Fregistry.npm.taobao.org%2Fespree%2Fdownload%2Fespree-5.0.1.tgz",
      "integrity": "sha1-XWUm+k/H8HiKXPdbFfMDI+L4H3o=",
      "requires": {
        "acorn": "^6.0.7",
        "acorn-jsx": "^5.0.0",
        "eslint-visitor-keys": "^1.0.0"
      }
    },
    "esquery": {
      "version": "1.0.1",
      "resolved": "https://registry.npm.taobao.org/esquery/download/esquery-1.0.1.tgz",
      "integrity": "sha1-QGxRZYsfWZGl+bYrHcJbAOPlxwg=",
      "requires": {
        "estraverse": "^4.0.0"
      }
    },
    "esrecurse": {
      "version": "4.2.1",
      "resolved": "https://registry.npm.taobao.org/esrecurse/download/esrecurse-4.2.1.tgz",
      "integrity": "sha1-AHo7n9vCs7uH5IeeoZyS/b05Qs8=",
      "requires": {
        "estraverse": "^4.1.0"
      }
    },
    "estraverse": {
      "version": "4.3.0",
      "resolved": "https://registry.npm.taobao.org/estraverse/download/estraverse-4.3.0.tgz",
      "integrity": "sha1-OYrT88WiSUi+dyXoPRGn3ijNvR0="
    },
    "lodash": {
      "version": "4.17.15",
      "resolved": "https://registry.npm.taobao.org/lodash/download/lodash-4.17.15.tgz",
      "integrity": "sha1-tEf2ZwoEVbv+7dETku/zMOoJdUg="
    },
    "ms": {
      "version": "2.1.2",
      "resolved": "https://registry.npm.taobao.org/ms/download/ms-2.1.2.tgz?cache=0&other_urls=https%3A%2F%2Fregistry.npm.taobao.org%2Fms%2Fdownload%2Fms-2.1.2.tgz",
      "integrity": "sha1-0J0fNXtEP0kzgqjrPM0YOHKuYAk="
    },
    "vue-eslint-parser": {
      "version": "6.0.5",
      "resolved": "https://registry.npm.taobao.org/vue-eslint-parser/download/vue-eslint-parser-6.0.5.tgz",
      "integrity": "sha1-wcBnwnVXSOKPOHLNQujBxMGoBZ8=",
      "requires": {
        "debug": "^4.1.1",
        "eslint-scope": "^4.0.0",
        "eslint-visitor-keys": "^1.0.0",
        "espree": "^5.0.0",
        "esquery": "^1.0.1",
        "lodash": "^4.17.11"
      }
    }
  }
}
